
Microsoft Visual Studio Solution File, Format Version 12.00
# Visual Studio 2012
Project("{8BC9CEB8-8B4A-11D0-8D11-00A0C91BC942}") = "Vmr9_Test", "Vmr9_Test.vcxproj", "{89EF6804-85BC-48B6-A2C2-1A8E9AFA3846}"
EndProject
Global
	GlobalSection(SolutionConfigurationPlatforms) = preSolution
		Debug|Win32 = Debug|Win32
		Release|Win32 = Release|Win32
	EndGlobalSection
	GlobalSection(ProjectConfigurationPlatforms) = postSolution
		{89EF6804-85BC-48B6-A2C2-1A8E9AFA3846}.Debug|Win32.ActiveCfg = Debug|Win32
		{89EF6804-85BC-48B6-A2C2-1A8E9AFA3846}.Debug|Win32.Build.0 = Debug|Win32
		{89EF6804-85BC-48B6-A2C2-1A8E9AFA3846}.Release|Win32.ActiveCfg = Release|Win32
		{89EF6804-85BC-48B6-A2C2-1A8E9AFA3846}.Release|Win32.Build.0 = Release|Win32
	EndGlobalSection
	GlobalSection(SolutionProperties) = preSolution
		HideSolutionNode = FALSE
	EndGlobalSection
EndGlobal
